
Microsoft Visual Studio Solution File, Format Version 12.00
# Visual Studio Version 16
VisualStudioVersion = 16.0.30907.101
MinimumVisualStudioVersion = 10.0.40219.1
Project("{9A19103F-16F7-4668-BE54-9A1E7A4F7556}") = "fail-better", "src\fail-better\fail-better.csproj", "{ED2506AF-83DF-44C7-A7B7-3630B56DED01}"
EndProject
Project("{9A19103F-16F7-4668-BE54-9A1E7A4F7556}") = "fail-better-tests", "src\fail-better-tests\fail-better-tests.csproj", "{A01BBC5A-A084-46CF-A2E0-AEF22A81ADC8}"
EndProject
Global
	GlobalSection(SolutionConfigurationPlatforms) = preSolution
		Debug|Any CPU = Debug|Any CPU
		Release|Any CPU = Release|Any CPU
	EndGlobalSection
	GlobalSection(ProjectConfigurationPlatforms) = postSolution
		{ED2506AF-83DF-44C7-A7B7-3630B56DED01}.Debug|Any CPU.ActiveCfg = Debug|Any CPU
		{ED2506AF-83DF-44C7-A7B7-3630B56DED01}.Debug|Any CPU.Build.0 = Debug|Any CPU
		{ED2506AF-83DF-44C7-A7B7-3630B56DED01}.Release|Any CPU.ActiveCfg = Release|Any CPU
		{ED2506AF-83DF-44C7-A7B7-3630B56DED01}.Release|Any CPU.Build.0 = Release|Any CPU
		{A01BBC5A-A084-46CF-A2E0-AEF22A81ADC8}.Debug|Any CPU.ActiveCfg = Debug|Any CPU
		{A01BBC5A-A084-46CF-A2E0-AEF22A81ADC8}.Debug|Any CPU.Build.0 = Debug|Any CPU
		{A01BBC5A-A084-46CF-A2E0-AEF22A81ADC8}.Release|Any CPU.ActiveCfg = Release|Any CPU
		{A01BBC5A-A084-46CF-A2E0-AEF22A81ADC8}.Release|Any CPU.Build.0 = Release|Any CPU
	EndGlobalSection
	GlobalSection(SolutionProperties) = preSolution
		HideSolutionNode = FALSE
	EndGlobalSection
	GlobalSection(ExtensibilityGlobals) = postSolution
		SolutionGuid = {C6922331-6F65-49D6-A321-D062CF8E2287}
	EndGlobalSection
EndGlobal
